
Microsoft Visual Studio Solution File, Format Version 12.00
# Visual Studio Version 17
VisualStudioVersion = 17.0.32112.339
MinimumVisualStudioVersion = 10.0.40219.1
Project("{FAE04EC0-301F-11D3-BF4B-00C04F79EFBC}") = "DiceThrowService", "DiceThrowService\DiceThrowService.csproj", "{455D533D-5C28-42C4-84BB-08806C79B889}"
EndProject
Global
	GlobalSection(SolutionConfigurationPlatforms) = preSolution
		Debug|Any CPU = Debug|Any CPU
		Release|Any CPU = Release|Any CPU
	EndGlobalSection
	GlobalSection(ProjectConfigurationPlatforms) = postSolution
		{455D533D-5C28-42C4-84BB-08806C79B889}.Debug|Any CPU.ActiveCfg = Debug|Any CPU
		{455D533D-5C28-42C4-84BB-08806C79B889}.Debug|Any CPU.Build.0 = Debug|Any CPU
		{455D533D-5C28-42C4-84BB-08806C79B889}.Release|Any CPU.ActiveCfg = Release|Any CPU
		{455D533D-5C28-42C4-84BB-08806C79B889}.Release|Any CPU.Build.0 = Release|Any CPU
	EndGlobalSection
	GlobalSection(SolutionProperties) = preSolution
		HideSolutionNode = FALSE
	EndGlobalSection
	GlobalSection(ExtensibilityGlobals) = postSolution
		SolutionGuid = {45DEEEE5-5BD2-406A-A7D1-98C5113B81A6}
	EndGlobalSection
EndGlobal
